
Microsoft Visual Studio Solution File, Format Version 12.00
# Visual Studio Version 16
VisualStudioVersion = 16.0.30717.126
MinimumVisualStudioVersion = 10.0.40219.1
Project("{FAE04EC0-301F-11D3-BF4B-00C04F79EFBC}") = "CodeFirstPluto", "CodeFirstPluto.csproj", "{11B1A39B-4C00-4B25-A283-F8AA7453A6D0}"
EndProject
Global
	GlobalSection(SolutionConfigurationPlatforms) = preSolution
		Debug|Any CPU = Debug|Any CPU
		Release|Any CPU = Release|Any CPU
	EndGlobalSection
	GlobalSection(ProjectConfigurationPlatforms) = postSolution
		{11B1A39B-4C00-4B25-A283-F8AA7453A6D0}.Debug|Any CPU.ActiveCfg = Debug|Any CPU
		{11B1A39B-4C00-4B25-A283-F8AA7453A6D0}.Debug|Any CPU.Build.0 = Debug|Any CPU
		{11B1A39B-4C00-4B25-A283-F8AA7453A6D0}.Release|Any CPU.ActiveCfg = Release|Any CPU
		{11B1A39B-4C00-4B25-A283-F8AA7453A6D0}.Release|Any CPU.Build.0 = Release|Any CPU
	EndGlobalSection
	GlobalSection(SolutionProperties) = preSolution
		HideSolutionNode = FALSE
	EndGlobalSection
	GlobalSection(ExtensibilityGlobals) = postSolution
		SolutionGuid = {B27CA93A-499A-425A-B57F-3A28095DE662}
	EndGlobalSection
EndGlobal
